
Microsoft Visual Studio Solution File, Format Version 12.00
# Visual Studio 14
VisualStudioVersion = 14.0.23107.0
MinimumVisualStudioVersion = 10.0.40219.1
Project("{FAE04EC0-301F-11D3-BF4B-00C04F79EFBC}") = "MvcPl", "MvcPl\MvcPl.csproj", "{2228D531-77E9-4055-BD4A-997DFADC4EEA}"
EndProject
Project("{FAE04EC0-301F-11D3-BF4B-00C04F79EFBC}") = "Bll.Implementation", "Bll.Implementation\Bll.Implementation.csproj", "{6EBB311E-021C-47CF-8F8D-F0E730975E02}"
EndProject
Project("{FAE04EC0-301F-11D3-BF4B-00C04F79EFBC}") = "Bll.Interface", "Bll.Interface\Bll.Interface.csproj", "{0087E31E-3134-4B15-A025-41BCEA6D061E}"
EndProject
Project("{FAE04EC0-301F-11D3-BF4B-00C04F79EFBC}") = "CommonInterface", "CommonInterface\CommonInterface.csproj", "{D34F80A0-50EE-4D85-A788-21A129517096}"
EndProject
Project("{FAE04EC0-301F-11D3-BF4B-00C04F79EFBC}") = "DAL.Implementation", "DAL.Implementation\DAL.Implementation.csproj", "{3872B7D8-71E8-411F-BC8B-8E4552C78C62}"
EndProject
Project("{FAE04EC0-301F-11D3-BF4B-00C04F79EFBC}") = "Dal.Interface", "Dal.Interface\Dal.Interface.csproj", "{41E7121E-12CA-4E05-9447-3932A9D82393}"
EndProject
Global
	GlobalSection(SolutionConfigurationPlatforms) = preSolution
		Debug|Any CPU = Debug|Any CPU
		Release|Any CPU = Release|Any CPU
	EndGlobalSection
	GlobalSection(ProjectConfigurationPlatforms) = postSolution
		{2228D531-77E9-4055-BD4A-997DFADC4EEA}.Debug|Any CPU.ActiveCfg = Debug|Any CPU
		{2228D531-77E9-4055-BD4A-997DFADC4EEA}.Debug|Any CPU.Build.0 = Debug|Any CPU
		{2228D531-77E9-4055-BD4A-997DFADC4EEA}.Release|Any CPU.ActiveCfg = Release|Any CPU
		{2228D531-77E9-4055-BD4A-997DFADC4EEA}.Release|Any CPU.Build.0 = Release|Any CPU
		{6EBB311E-021C-47CF-8F8D-F0E730975E02}.Debug|Any CPU.ActiveCfg = Debug|Any CPU
		{6EBB311E-021C-47CF-8F8D-F0E730975E02}.Debug|Any CPU.Build.0 = Debug|Any CPU
		{6EBB311E-021C-47CF-8F8D-F0E730975E02}.Release|Any CPU.ActiveCfg = Release|Any CPU
		{6EBB311E-021C-47CF-8F8D-F0E730975E02}.Release|Any CPU.Build.0 = Release|Any CPU
		{0087E31E-3134-4B15-A025-41BCEA6D061E}.Debug|Any CPU.ActiveCfg = Debug|Any CPU
		{0087E31E-3134-4B15-A025-41BCEA6D061E}.Debug|Any CPU.Build.0 = Debug|Any CPU
		{0087E31E-3134-4B15-A025-41BCEA6D061E}.Release|Any CPU.ActiveCfg = Release|Any CPU
		{0087E31E-3134-4B15-A025-41BCEA6D061E}.Release|Any CPU.Build.0 = Release|Any CPU
		{D34F80A0-50EE-4D85-A788-21A129517096}.Debug|Any CPU.ActiveCfg = Debug|Any CPU
		{D34F80A0-50EE-4D85-A788-21A129517096}.Debug|Any CPU.Build.0 = Debug|Any CPU
		{D34F80A0-50EE-4D85-A788-21A129517096}.Release|Any CPU.ActiveCfg = Release|Any CPU
		{D34F80A0-50EE-4D85-A788-21A129517096}.Release|Any CPU.Build.0 = Release|Any CPU
		{3872B7D8-71E8-411F-BC8B-8E4552C78C62}.Debug|Any CPU.ActiveCfg = Debug|Any CPU
		{3872B7D8-71E8-411F-BC8B-8E4552C78C62}.Debug|Any CPU.Build.0 = Debug|Any CPU
		{3872B7D8-71E8-411F-BC8B-8E4552C78C62}.Release|Any CPU.ActiveCfg = Release|Any CPU
		{3872B7D8-71E8-411F-BC8B-8E4552C78C62}.Release|Any CPU.Build.0 = Release|Any CPU
		{41E7121E-12CA-4E05-9447-3932A9D82393}.Debug|Any CPU.ActiveCfg = Debug|Any CPU
		{41E7121E-12CA-4E05-9447-3932A9D82393}.Debug|Any CPU.Build.0 = Debug|Any CPU
		{41E7121E-12CA-4E05-9447-3932A9D82393}.Release|Any CPU.ActiveCfg = Release|Any CPU
		{41E7121E-12CA-4E05-9447-3932A9D82393}.Release|Any CPU.Build.0 = Release|Any CPU
	EndGlobalSection
	GlobalSection(SolutionProperties) = preSolution
		HideSolutionNode = FALSE
	EndGlobalSection
EndGlobal
